
Microsoft Visual Studio Solution File, Format Version 12.00
# Visual Studio Version 17
VisualStudioVersion = 17.11.35303.130
MinimumVisualStudioVersion = 10.0.40219.1
Project("{9A19103F-16F7-4668-BE54-9A1E7A4F7556}") = "Blog-Backend", "Blog-Backend\Blog-Backend.csproj", "{88F93F86-1D20-4D11-BA77-E2CFB48CC251}"
EndProject
Global
	GlobalSection(SolutionConfigurationPlatforms) = preSolution
		Debug|Any CPU = Debug|Any CPU
		Release|Any CPU = Release|Any CPU
	EndGlobalSection
	GlobalSection(ProjectConfigurationPlatforms) = postSolution
		{88F93F86-1D20-4D11-BA77-E2CFB48CC251}.Debug|Any CPU.ActiveCfg = Debug|Any CPU
		{88F93F86-1D20-4D11-BA77-E2CFB48CC251}.Debug|Any CPU.Build.0 = Debug|Any CPU
		{88F93F86-1D20-4D11-BA77-E2CFB48CC251}.Release|Any CPU.ActiveCfg = Release|Any CPU
		{88F93F86-1D20-4D11-BA77-E2CFB48CC251}.Release|Any CPU.Build.0 = Release|Any CPU
	EndGlobalSection
	GlobalSection(SolutionProperties) = preSolution
		HideSolutionNode = FALSE
	EndGlobalSection
	GlobalSection(ExtensibilityGlobals) = postSolution
		SolutionGuid = {6DE7ECCF-5CA3-436D-85BC-8A2F1355C5C5}
	EndGlobalSection
EndGlobal
