
Microsoft Visual Studio Solution File, Format Version 12.00
Project("{FAE04EC0-301F-11D3-BF4B-00C04F79EFBC}") = "Blog-Backend", "Blog-Backend\Blog-Backend.csproj", "{88F93F86-1D20-4D11-BA77-E2CFB48CC251}"
EndProject
Global
	GlobalSection(SolutionConfigurationPlatforms) = preSolution
		Debug|Any CPU = Debug|Any CPU
		Release|Any CPU = Release|Any CPU
	EndGlobalSection
	GlobalSection(ProjectConfigurationPlatforms) = postSolution
		{88F93F86-1D20-4D11-BA77-E2CFB48CC251}.Debug|Any CPU.ActiveCfg = Debug|Any CPU
		{88F93F86-1D20-4D11-BA77-E2CFB48CC251}.Debug|Any CPU.Build.0 = Debug|Any CPU
		{88F93F86-1D20-4D11-BA77-E2CFB48CC251}.Release|Any CPU.ActiveCfg = Release|Any CPU
		{88F93F86-1D20-4D11-BA77-E2CFB48CC251}.Release|Any CPU.Build.0 = Release|Any CPU
	EndGlobalSection
EndGlobal
